
Microsoft Visual Studio Solution File, Format Version 12.00
Project("{FAE04EC0-301F-11D3-BF4B-00C04F79EFBC}") = "FindMaxNumberInCommaSeparatedString", "FindMaxNumberInCommaSeparatedString\FindMaxNumberInCommaSeparatedString.csproj", "{1F7620A0-38A5-4E78-A4A3-2F2DB2F4C63A}"
EndProject
Global
	GlobalSection(SolutionConfigurationPlatforms) = preSolution
		Debug|Any CPU = Debug|Any CPU
		Release|Any CPU = Release|Any CPU
	EndGlobalSection
	GlobalSection(ProjectConfigurationPlatforms) = postSolution
		{1F7620A0-38A5-4E78-A4A3-2F2DB2F4C63A}.Debug|Any CPU.ActiveCfg = Debug|Any CPU
		{1F7620A0-38A5-4E78-A4A3-2F2DB2F4C63A}.Debug|Any CPU.Build.0 = Debug|Any CPU
		{1F7620A0-38A5-4E78-A4A3-2F2DB2F4C63A}.Release|Any CPU.ActiveCfg = Release|Any CPU
		{1F7620A0-38A5-4E78-A4A3-2F2DB2F4C63A}.Release|Any CPU.Build.0 = Release|Any CPU
	EndGlobalSection
EndGlobal
